uuid: b5c2e923-e127-424a-82e8-77b611a8f6be
langcode: en
status: false
dependencies:
  module:
    - slavnews_weather
  theme:
    - slavnews
id: weatherblock
theme: slavnews
region: breadcrumb
weight: 0
provider: null
plugin: weather_block
settings:
  id: weather_block
  label: 'Weather Block'
  label_display: visible
  provider: slavnews_weather
visibility: {  }
