uuid: 009ccc67-3f89-4d1d-adcd-e172c000ba9d
langcode: en
status: true
dependencies:
  config:
    - views.view.recent_articles
  module:
    - system
    - views
  theme:
    - olivero
id: views_block__recent_articles_recent_articles_block
theme: olivero
region: sidebar
weight: -14
provider: null
plugin: 'views_block:recent_articles-recent_articles_block'
settings:
  id: 'views_block:recent_articles-recent_articles_block'
  label: ''
  label_display: visible
  provider: views
  views_label: ''
  items_per_page: none
visibility:
  request_path:
    id: request_path
    negate: false
    pages: '/taxonomy/term/*'
